
Microsoft Visual Studio Solution File, Format Version 12.00
# Visual Studio Version 17
VisualStudioVersion = 17.7.34024.191
MinimumVisualStudioVersion = 10.0.40219.1
Project("{FAE04EC0-301F-11D3-BF4B-00C04F79EFBC}") = "ExchangeRateAPI", "ExchangeRateAPI.csproj", "{3DA7F3E5-67B0-4A0D-B8F4-469B757B53BE}"
EndProject
Global
	GlobalSection(SolutionConfigurationPlatforms) = preSolution
		Debug|Any CPU = Debug|Any CPU
		Release|Any CPU = Release|Any CPU
	EndGlobalSection
	GlobalSection(ProjectConfigurationPlatforms) = postSolution
		{3DA7F3E5-67B0-4A0D-B8F4-469B757B53BE}.Debug|Any CPU.ActiveCfg = Debug|Any CPU
		{3DA7F3E5-67B0-4A0D-B8F4-469B757B53BE}.Debug|Any CPU.Build.0 = Debug|Any CPU
		{3DA7F3E5-67B0-4A0D-B8F4-469B757B53BE}.Release|Any CPU.ActiveCfg = Release|Any CPU
		{3DA7F3E5-67B0-4A0D-B8F4-469B757B53BE}.Release|Any CPU.Build.0 = Release|Any CPU
	EndGlobalSection
	GlobalSection(SolutionProperties) = preSolution
		HideSolutionNode = FALSE
	EndGlobalSection
	GlobalSection(ExtensibilityGlobals) = postSolution
		SolutionGuid = {E19BFC6C-F01A-449B-B432-CE155862ECD9}
	EndGlobalSection
EndGlobal
